// !$*UTF8*$!
{
	archiveVersion = 1;
	classes = {
	};
	objectVersion = 56;
	objects = {

/* Begin PBXBuildFile section */
		860181D12B8F0D000027E948 /* StarShipsApp.swift in Sources */ = {isa = PBXBuildFile; fileRef = 860181D02B8F0D000027E948 /* StarShipsApp.swift */; };
		860181D32B8F0D000027E948 /* HomeScreen.swift in Sources */ = {isa = PBXBuildFile; fileRef = 860181D22B8F0D000027E948 /* HomeScreen.swift */; };
		860181D52B8F0D060027E948 /* Assets.xcassets in Resources */ = {isa = PBXBuildFile; fileRef = 860181D42B8F0D060027E948 /* Assets.xcassets */; };
		860181D82B8F0D060027E948 /* Preview Assets.xcassets in Resources */ = {isa = PBXBuildFile; fileRef = 860181D72B8F0D060027E948 /* Preview Assets.xcassets */; };
		860181E22B8F0D070027E948 /* StarShipsTests.swift in Sources */ = {isa = PBXBuildFile; fileRef = 860181E12B8F0D070027E948 /* StarShipsTests.swift */; };
		860181EC2B8F0D070027E948 /* StarShipsUITests.swift in Sources */ = {isa = PBXBuildFile; fileRef = 860181EB2B8F0D070027E948 /* StarShipsUITests.swift */; };
		860181EE2B8F0D070027E948 /* StarShipsUITestsLaunchTests.swift in Sources */ = {isa = PBXBuildFile; fileRef = 860181ED2B8F0D070027E948 /* StarShipsUITestsLaunchTests.swift */; };
		860181FC2B8F0DFB0027E948 /* Ship.swift in Sources */ = {isa = PBXBuildFile; fileRef = 860181FB2B8F0DFB0027E948 /* Ship.swift */; };
		860182032B8F106A0027E948 /* ShipCollectionItem.swift in Sources */ = {isa = PBXBuildFile; fileRef = 860182022B8F106A0027E948 /* ShipCollectionItem.swift */; };
		860182052B8F107E0027E948 /* ShipCollectionList.swift in Sources */ = {isa = PBXBuildFile; fileRef = 860182042B8F107E0027E948 /* ShipCollectionList.swift */; };
		860182092B8F13150027E948 /* CollectionRetriever.swift in Sources */ = {isa = PBXBuildFile; fileRef = 860182082B8F13150027E948 /* CollectionRetriever.swift */; };
		8601820C2B8F13BC0027E948 /* Loadable.swift in Sources */ = {isa = PBXBuildFile; fileRef = 8601820B2B8F13BC0027E948 /* Loadable.swift */; };
		8601820E2B8F143F0027E948 /* StarShipRetriever.swift in Sources */ = {isa = PBXBuildFile; fileRef = 8601820D2B8F143F0027E948 /* StarShipRetriever.swift */; };
		860182142B8F16E50027E948 /* ErrorWithMessage.swift in Sources */ = {isa = PBXBuildFile; fileRef = 860182132B8F16E50027E948 /* ErrorWithMessage.swift */; };
		860182162B8F170A0027E948 /* APIError.swift in Sources */ = {isa = PBXBuildFile; fileRef = 860182152B8F170A0027E948 /* APIError.swift */; };
		860182182B8F18140027E948 /* Response.swift in Sources */ = {isa = PBXBuildFile; fileRef = 860182172B8F18140027E948 /* Response.swift */; };
		8601821B2B9052460027E948 /* ShipCollectionViewModel.swift in Sources */ = {isa = PBXBuildFile; fileRef = 8601821A2B9052460027E948 /* ShipCollectionViewModel.swift */; };
		8601821F2B90B2F20027E948 /* ShipDetails.swift in Sources */ = {isa = PBXBuildFile; fileRef = 8601821E2B90B2F20027E948 /* ShipDetails.swift */; };
		860182212B9182DD0027E948 /* ShipDetailsViewModel.swift in Sources */ = {isa = PBXBuildFile; fileRef = 860182202B9182DD0027E948 /* ShipDetailsViewModel.swift */; };
		860182242B92D8D40027E948 /* ViewExtension.swift in Sources */ = {isa = PBXBuildFile; fileRef = 860182232B92D8D40027E948 /* ViewExtension.swift */; };
		860182262B92E8230027E948 /* Storage.swift in Sources */ = {isa = PBXBuildFile; fileRef = 860182252B92E8230027E948 /* Storage.swift */; };
		860182292B92E9210027E948 /* LocalStore.swift in Sources */ = {isa = PBXBuildFile; fileRef = 860182282B92E9210027E948 /* LocalStore.swift */; };
		8601822B2B92EB3E0027E948 /* StoreError.swift in Sources */ = {isa = PBXBuildFile; fileRef = 8601822A2B92EB3E0027E948 /* StoreError.swift */; };
		8601822D2B92EC750027E948 /* Shared.swift in Sources */ = {isa = PBXBuildFile; fileRef = 8601822C2B92EC750027E948 /* Shared.swift */; };
		8601822F2B92F4440027E948 /* StringExtension.swift in Sources */ = {isa = PBXBuildFile; fileRef = 8601822E2B92F4440027E948 /* StringExtension.swift */; };
		860182312B9358A40027E948 /* SortOption.swift in Sources */ = {isa = PBXBuildFile; fileRef = 860182302B9358A40027E948 /* SortOption.swift */; };
/* End PBXBuildFile section */

/* Begin PBXContainerItemProxy section */
		860181DE2B8F0D070027E948 /* PBXContainerItemProxy */ = {
			isa = PBXContainerItemProxy;
			containerPortal = 860181C52B8F0CFF0027E948 /* Project object */;
			proxyType = 1;
			remoteGlobalIDString = 860181CC2B8F0CFF0027E948;
			remoteInfo = StarShips;
		};
		860181E82B8F0D070027E948 /* PBXContainerItemProxy */ = {
			isa = PBXContainerItemProxy;
			containerPortal = 860181C52B8F0CFF0027E948 /* Project object */;
			proxyType = 1;
			remoteGlobalIDString = 860181CC2B8F0CFF0027E948;
			remoteInfo = StarShips;
		};
/* End PBXContainerItemProxy section */

/* Begin PBXFileReference section */
		860181CD2B8F0D000027E948 /* StarShips.app */ = {isa = PBXFileReference; explicitFileType = wrapper.application; includeInIndex = 0; path = StarShips.app; sourceTree = BUILT_PRODUCTS_DIR; };
		860181D02B8F0D000027E948 /* StarShipsApp.swift */ = {isa = PBXFileReference; lastKnownFileType = sourcecode.swift; path = StarShipsApp.swift; sourceTree = "<group>"; };
		860181D22B8F0D000027E948 /* HomeScreen.swift */ = {isa = PBXFileReference; lastKnownFileType = sourcecode.swift; path = HomeScreen.swift; sourceTree = "<group>"; };
		860181D42B8F0D060027E948 /* Assets.xcassets */ = {isa = PBXFileReference; lastKnownFileType = folder.assetcatalog; path = Assets.xcassets; sourceTree = "<group>"; };
		860181D72B8F0D060027E948 /* Preview Assets.xcassets */ = {isa = PBXFileReference; lastKnownFileType = folder.assetcatalog; path = "Preview Assets.xcassets"; sourceTree = "<group>"; };
		860181DD2B8F0D070027E948 /* StarShipsTests.xctest */ = {isa = PBXFileReference; explicitFileType = wrapper.cfbundle; includeInIndex = 0; path = StarShipsTests.xctest; sourceTree = BUILT_PRODUCTS_DIR; };
		860181E12B8F0D070027E948 /* StarShipsTests.swift */ = {isa = PBXFileReference; lastKnownFileType = sourcecode.swift; path = StarShipsTests.swift; sourceTree = "<group>"; };
		860181E72B8F0D070027E948 /* StarShipsUITests.xctest */ = {isa = PBXFileReference; explicitFileType = wrapper.cfbundle; includeInIndex = 0; path = StarShipsUITests.xctest; sourceTree = BUILT_PRODUCTS_DIR; };
		860181EB2B8F0D070027E948 /* StarShipsUITests.swift */ = {isa = PBXFileReference; lastKnownFileType = sourcecode.swift; path = StarShipsUITests.swift; sourceTree = "<group>"; };
		860181ED2B8F0D070027E948 /* StarShipsUITestsLaunchTests.swift */ = {isa = PBXFileReference; lastKnownFileType = sourcecode.swift; path = StarShipsUITestsLaunchTests.swift; sourceTree = "<group>"; };
		860181FB2B8F0DFB0027E948 /* Ship.swift */ = {isa = PBXFileReference; lastKnownFileType = sourcecode.swift; path = Ship.swift; sourceTree = "<group>"; };
		860182022B8F106A0027E948 /* ShipCollectionItem.swift */ = {isa = PBXFileReference; lastKnownFileType = sourcecode.swift; path = ShipCollectionItem.swift; sourceTree = "<group>"; };
		860182042B8F107E0027E948 /* ShipCollectionList.swift */ = {isa = PBXFileReference; lastKnownFileType = sourcecode.swift; path = ShipCollectionList.swift; sourceTree = "<group>"; };
		860182082B8F13150027E948 /* CollectionRetriever.swift */ = {isa = PBXFileReference; lastKnownFileType = sourcecode.swift; path = CollectionRetriever.swift; sourceTree = "<group>"; };
		8601820B2B8F13BC0027E948 /* Loadable.swift */ = {isa = PBXFileReference; lastKnownFileType = sourcecode.swift; path = Loadable.swift; sourceTree = "<group>"; };
		8601820D2B8F143F0027E948 /* StarShipRetriever.swift */ = {isa = PBXFileReference; lastKnownFileType = sourcecode.swift; path = StarShipRetriever.swift; sourceTree = "<group>"; };
		860182102B8F152D0027E948 /* hide-api-implementation.md */ = {isa = PBXFileReference; lastKnownFileType = net.daringfireball.markdown; path = "hide-api-implementation.md"; sourceTree = "<group>"; };
		860182112B8F154E0027E948 /* wrap-response-in-loadable.md */ = {isa = PBXFileReference; lastKnownFileType = net.daringfireball.markdown; path = "wrap-response-in-loadable.md"; sourceTree = "<group>"; };
		860182122B8F15AA0027E948 /* README.md */ = {isa = PBXFileReference; lastKnownFileType = net.daringfireball.markdown; path = README.md; sourceTree = "<group>"; };
		860182132B8F16E50027E948 /* ErrorWithMessage.swift */ = {isa = PBXFileReference; lastKnownFileType = sourcecode.swift; path = ErrorWithMessage.swift; sourceTree = "<group>"; };
		860182152B8F170A0027E948 /* APIError.swift */ = {isa = PBXFileReference; lastKnownFileType = sourcecode.swift; path = APIError.swift; sourceTree = "<group>"; };
		860182172B8F18140027E948 /* Response.swift */ = {isa = PBXFileReference; lastKnownFileType = sourcecode.swift; path = Response.swift; sourceTree = "<group>"; };
		8601821A2B9052460027E948 /* ShipCollectionViewModel.swift */ = {isa = PBXFileReference; lastKnownFileType = sourcecode.swift; path = ShipCollectionViewModel.swift; sourceTree = "<group>"; };
		8601821E2B90B2F20027E948 /* ShipDetails.swift */ = {isa = PBXFileReference; lastKnownFileType = sourcecode.swift; path = ShipDetails.swift; sourceTree = "<group>"; };
		860182202B9182DD0027E948 /* ShipDetailsViewModel.swift */ = {isa = PBXFileReference; lastKnownFileType = sourcecode.swift; path = ShipDetailsViewModel.swift; sourceTree = "<group>"; };
		860182232B92D8D40027E948 /* ViewExtension.swift */ = {isa = PBXFileReference; lastKnownFileType = sourcecode.swift; path = ViewExtension.swift; sourceTree = "<group>"; };
		860182252B92E8230027E948 /* Storage.swift */ = {isa = PBXFileReference; lastKnownFileType = sourcecode.swift; path = Storage.swift; sourceTree = "<group>"; };
		860182282B92E9210027E948 /* LocalStore.swift */ = {isa = PBXFileReference; lastKnownFileType = sourcecode.swift; path = LocalStore.swift; sourceTree = "<group>"; };
		8601822A2B92EB3E0027E948 /* StoreError.swift */ = {isa = PBXFileReference; lastKnownFileType = sourcecode.swift; path = StoreError.swift; sourceTree = "<group>"; };
		8601822C2B92EC750027E948 /* Shared.swift */ = {isa = PBXFileReference; lastKnownFileType = sourcecode.swift; path = Shared.swift; sourceTree = "<group>"; };
		8601822E2B92F4440027E948 /* StringExtension.swift */ = {isa = PBXFileReference; lastKnownFileType = sourcecode.swift; path = StringExtension.swift; sourceTree = "<group>"; };
		860182302B9358A40027E948 /* SortOption.swift */ = {isa = PBXFileReference; lastKnownFileType = sourcecode.swift; path = SortOption.swift; sourceTree = "<group>"; };
/* End PBXFileReference section */

/* Begin PBXFrameworksBuildPhase section */
		860181CA2B8F0CFF0027E948 /* Frameworks */ = {
			isa = PBXFrameworksBuildPhase;
			buildActionMask = 2147483647;
			files = (
			);
			runOnlyForDeploymentPostprocessing = 0;
		};
		860181DA2B8F0D070027E948 /* Frameworks */ = {
			isa = PBXFrameworksBuildPhase;
			buildActionMask = 2147483647;
			files = (
			);
			runOnlyForDeploymentPostprocessing = 0;
		};
		860181E42B8F0D070027E948 /* Frameworks */ = {
			isa = PBXFrameworksBuildPhase;
			buildActionMask = 2147483647;
			files = (
			);
			runOnlyForDeploymentPostprocessing = 0;
		};
/* End PBXFrameworksBuildPhase section */

/* Begin PBXGroup section */
		860181C42B8F0CFF0027E948 = {
			isa = PBXGroup;
			children = (
				860181CF2B8F0D000027E948 /* StarShips */,
				860181E02B8F0D070027E948 /* StarShipsTests */,
				860181EA2B8F0D070027E948 /* StarShipsUITests */,
				860181CE2B8F0D000027E948 /* Products */,
			);
			sourceTree = "<group>";
		};
		860181CE2B8F0D000027E948 /* Products */ = {
			isa = PBXGroup;
			children = (
				860181CD2B8F0D000027E948 /* StarShips.app */,
				860181DD2B8F0D070027E948 /* StarShipsTests.xctest */,
				860181E72B8F0D070027E948 /* StarShipsUITests.xctest */,
			);
			name = Products;
			sourceTree = "<group>";
		};
		860181CF2B8F0D000027E948 /* StarShips */ = {
			isa = PBXGroup;
			children = (
				8601820F2B8F14E80027E948 /* Architecture Decisions */,
				8601820A2B8F13AD0027E948 /* Enums */,
				860182222B92D8BD0027E948 /* Extensions */,
				860181FA2B8F0DD90027E948 /* Models */,
				860182062B8F12D20027E948 /* Protocols */,
				860182072B8F12D80027E948 /* Services */,
				860182272B92E9070027E948 /* Store */,
				860181FD2B8F0FF10027E948 /* Views */,
				860181D02B8F0D000027E948 /* StarShipsApp.swift */,
				860182192B90522C0027E948 /* ViewModels */,
				860181D42B8F0D060027E948 /* Assets.xcassets */,
				860181D62B8F0D060027E948 /* Preview Content */,
				860182122B8F15AA0027E948 /* README.md */,
			);
			path = StarShips;
			sourceTree = "<group>";
		};
		860181D62B8F0D060027E948 /* Preview Content */ = {
			isa = PBXGroup;
			children = (
				860181D72B8F0D060027E948 /* Preview Assets.xcassets */,
			);
			path = "Preview Content";
			sourceTree = "<group>";
		};
		860181E02B8F0D070027E948 /* StarShipsTests */ = {
			isa = PBXGroup;
			children = (
				860181E12B8F0D070027E948 /* StarShipsTests.swift */,
			);
			path = StarShipsTests;
			sourceTree = "<group>";
		};
		860181EA2B8F0D070027E948 /* StarShipsUITests */ = {
			isa = PBXGroup;
			children = (
				860181EB2B8F0D070027E948 /* StarShipsUITests.swift */,
				860181ED2B8F0D070027E948 /* StarShipsUITestsLaunchTests.swift */,
			);
			path = StarShipsUITests;
			sourceTree = "<group>";
		};
		860181FA2B8F0DD90027E948 /* Models */ = {
			isa = PBXGroup;
			children = (
				860181FB2B8F0DFB0027E948 /* Ship.swift */,
				860182172B8F18140027E948 /* Response.swift */,
			);
			path = Models;
			sourceTree = "<group>";
		};
		860181FD2B8F0FF10027E948 /* Views */ = {
			isa = PBXGroup;
			children = (
				860181D22B8F0D000027E948 /* HomeScreen.swift */,
				860182022B8F106A0027E948 /* ShipCollectionItem.swift */,
				860182042B8F107E0027E948 /* ShipCollectionList.swift */,
				8601821E2B90B2F20027E948 /* ShipDetails.swift */,
			);
			path = Views;
			sourceTree = "<group>";
		};
		860182062B8F12D20027E948 /* Protocols */ = {
			isa = PBXGroup;
			children = (
				860182082B8F13150027E948 /* CollectionRetriever.swift */,
				860182132B8F16E50027E948 /* ErrorWithMessage.swift */,
				860182252B92E8230027E948 /* Storage.swift */,
				8601822A2B92EB3E0027E948 /* StoreError.swift */,
			);
			path = Protocols;
			sourceTree = "<group>";
		};
		860182072B8F12D80027E948 /* Services */ = {
			isa = PBXGroup;
			children = (
				8601822C2B92EC750027E948 /* Shared.swift */,
				8601820D2B8F143F0027E948 /* StarShipRetriever.swift */,
			);
			path = Services;
			sourceTree = "<group>";
		};
		8601820A2B8F13AD0027E948 /* Enums */ = {
			isa = PBXGroup;
			children = (
				8601820B2B8F13BC0027E948 /* Loadable.swift */,
				860182152B8F170A0027E948 /* APIError.swift */,
				860182302B9358A40027E948 /* SortOption.swift */,
			);
			path = Enums;
			sourceTree = "<group>";
		};
		8601820F2B8F14E80027E948 /* Architecture Decisions */ = {
			isa = PBXGroup;
			children = (
				860182102B8F152D0027E948 /* hide-api-implementation.md */,
				860182112B8F154E0027E948 /* wrap-response-in-loadable.md */,
			);
			path = "Architecture Decisions";
			sourceTree = "<group>";
		};
		860182192B90522C0027E948 /* ViewModels */ = {
			isa = PBXGroup;
			children = (
				8601821A2B9052460027E948 /* ShipCollectionViewModel.swift */,
				860182202B9182DD0027E948 /* ShipDetailsViewModel.swift */,
			);
			path = ViewModels;
			sourceTree = "<group>";
		};
		860182222B92D8BD0027E948 /* Extensions */ = {
			isa = PBXGroup;
			children = (
				860182232B92D8D40027E948 /* ViewExtension.swift */,
				8601822E2B92F4440027E948 /* StringExtension.swift */,
			);
			path = Extensions;
			sourceTree = "<group>";
		};
		860182272B92E9070027E948 /* Store */ = {
			isa = PBXGroup;
			children = (
				860182282B92E9210027E948 /* LocalStore.swift */,
			);
			path = Store;
			sourceTree = "<group>";
		};
/* End PBXGroup section */

/* Begin PBXNativeTarget section */
		860181CC2B8F0CFF0027E948 /* StarShips */ = {
			isa = PBXNativeTarget;
			buildConfigurationList = 860181F12B8F0D070027E948 /* Build configuration list for PBXNativeTarget "StarShips" */;
			buildPhases = (
				860181C92B8F0CFF0027E948 /* Sources */,
				860181CA2B8F0CFF0027E948 /* Frameworks */,
				860181CB2B8F0CFF0027E948 /* Resources */,
			);
			buildRules = (
			);
			dependencies = (
			);
			name = StarShips;
			productName = StarShips;
			productReference = 860181CD2B8F0D000027E948 /* StarShips.app */;
			productType = "com.apple.product-type.application";
		};
		860181DC2B8F0D070027E948 /* StarShipsTests */ = {
			isa = PBXNativeTarget;
			buildConfigurationList = 860181F42B8F0D070027E948 /* Build configuration list for PBXNativeTarget "StarShipsTests" */;
			buildPhases = (
				860181D92B8F0D070027E948 /* Sources */,
				860181DA2B8F0D070027E948 /* Frameworks */,
				860181DB2B8F0D070027E948 /* Resources */,
			);
			buildRules = (
			);
			dependencies = (
				860181DF2B8F0D070027E948 /* PBXTargetDependency */,
			);
			name = StarShipsTests;
			productName = StarShipsTests;
			productReference = 860181DD2B8F0D070027E948 /* StarShipsTests.xctest */;
			productType = "com.apple.product-type.bundle.unit-test";
		};
		860181E62B8F0D070027E948 /* StarShipsUITests */ = {
			isa = PBXNativeTarget;
			buildConfigurationList = 860181F72B8F0D070027E948 /* Build configuration list for PBXNativeTarget "StarShipsUITests" */;
			buildPhases = (
				860181E32B8F0D070027E948 /* Sources */,
				860181E42B8F0D070027E948 /* Frameworks */,
				860181E52B8F0D070027E948 /* Resources */,
			);
			buildRules = (
			);
			dependencies = (
				860181E92B8F0D070027E948 /* PBXTargetDependency */,
			);
			name = StarShipsUITests;
			productName = StarShipsUITests;
			productReference = 860181E72B8F0D070027E948 /* StarShipsUITests.xctest */;
			productType = "com.apple.product-type.bundle.ui-testing";
		};
/* End PBXNativeTarget section */

/* Begin PBXProject section */
		860181C52B8F0CFF0027E948 /* Project object */ = {
			isa = PBXProject;
			attributes = {
				BuildIndependentTargetsInParallel = 1;
				LastSwiftUpdateCheck = 1500;
				LastUpgradeCheck = 1500;
				TargetAttributes = {
					860181CC2B8F0CFF0027E948 = {
						CreatedOnToolsVersion = 15.0.1;
					};
					860181DC2B8F0D070027E948 = {
						CreatedOnToolsVersion = 15.0.1;
						TestTargetID = 860181CC2B8F0CFF0027E948;
					};
					860181E62B8F0D070027E948 = {
						CreatedOnToolsVersion = 15.0.1;
						TestTargetID = 860181CC2B8F0CFF0027E948;
					};
				};
			};
			buildConfigurationList = 860181C82B8F0CFF0027E948 /* Build configuration list for PBXProject "StarShips" */;
			compatibilityVersion = "Xcode 14.0";
			developmentRegion = en;
			hasScannedForEncodings = 0;
			knownRegions = (
				en,
				Base,
			);
			mainGroup = 860181C42B8F0CFF0027E948;
			productRefGroup = 860181CE2B8F0D000027E948 /* Products */;
			projectDirPath = "";
			projectRoot = "";
			targets = (
				860181CC2B8F0CFF0027E948 /* StarShips */,
				860181DC2B8F0D070027E948 /* StarShipsTests */,
				860181E62B8F0D070027E948 /* StarShipsUITests */,
			);
		};
/* End PBXProject section */

/* Begin PBXResourcesBuildPhase section */
		860181CB2B8F0CFF0027E948 /* Resources */ = {
			isa = PBXResourcesBuildPhase;
			buildActionMask = 2147483647;
			files = (
				860181D82B8F0D060027E948 /* Preview Assets.xcassets in Resources */,
				860181D52B8F0D060027E948 /* Assets.xcassets in Resources */,
			);
			runOnlyForDeploymentPostprocessing = 0;
		};
		860181DB2B8F0D070027E948 /* Resources */ = {
			isa = PBXResourcesBuildPhase;
			buildActionMask = 2147483647;
			files = (
			);
			runOnlyForDeploymentPostprocessing = 0;
		};
		860181E52B8F0D070027E948 /* Resources */ = {
			isa = PBXResourcesBuildPhase;
			buildActionMask = 2147483647;
			files = (
			);
			runOnlyForDeploymentPostprocessing = 0;
		};
/* End PBXResourcesBuildPhase section */

/* Begin PBXSourcesBuildPhase section */
		860181C92B8F0CFF0027E948 /* Sources */ = {
			isa = PBXSourcesBuildPhase;
			buildActionMask = 2147483647;
			files = (
				860182312B9358A40027E948 /* SortOption.swift in Sources */,
				8601820E2B8F143F0027E948 /* StarShipRetriever.swift in Sources */,
				860182212B9182DD0027E948 /* ShipDetailsViewModel.swift in Sources */,
				8601821F2B90B2F20027E948 /* ShipDetails.swift in Sources */,
				860181D32B8F0D000027E948 /* HomeScreen.swift in Sources */,
				8601820C2B8F13BC0027E948 /* Loadable.swift in Sources */,
				8601822D2B92EC750027E948 /* Shared.swift in Sources */,
				860182292B92E9210027E948 /* LocalStore.swift in Sources */,
				8601822B2B92EB3E0027E948 /* StoreError.swift in Sources */,
				860182162B8F170A0027E948 /* APIError.swift in Sources */,
				860181FC2B8F0DFB0027E948 /* Ship.swift in Sources */,
				860182092B8F13150027E948 /* CollectionRetriever.swift in Sources */,
				860181D12B8F0D000027E948 /* StarShipsApp.swift in Sources */,
				8601822F2B92F4440027E948 /* StringExtension.swift in Sources */,
				860182242B92D8D40027E948 /* ViewExtension.swift in Sources */,
				860182182B8F18140027E948 /* Response.swift in Sources */,
				8601821B2B9052460027E948 /* ShipCollectionViewModel.swift in Sources */,
				860182052B8F107E0027E948 /* ShipCollectionList.swift in Sources */,
				860182262B92E8230027E948 /* Storage.swift in Sources */,
				860182032B8F106A0027E948 /* ShipCollectionItem.swift in Sources */,
				860182142B8F16E50027E948 /* ErrorWithMessage.swift in Sources */,
			);
			runOnlyForDeploymentPostprocessing = 0;
		};
		860181D92B8F0D070027E948 /* Sources */ = {
			isa = PBXSourcesBuildPhase;
			buildActionMask = 2147483647;
			files = (
				860181E22B8F0D070027E948 /* StarShipsTests.swift in Sources */,
			);
			runOnlyForDeploymentPostprocessing = 0;
		};
		860181E32B8F0D070027E948 /* Sources */ = {
			isa = PBXSourcesBuildPhase;
			buildActionMask = 2147483647;
			files = (
				860181EE2B8F0D070027E948 /* StarShipsUITestsLaunchTests.swift in Sources */,
				860181EC2B8F0D070027E948 /* StarShipsUITests.swift in Sources */,
			);
			runOnlyForDeploymentPostprocessing = 0;
		};
/* End PBXSourcesBuildPhase section */

/* Begin PBXTargetDependency section */
		860181DF2B8F0D070027E948 /* PBXTargetDependency */ = {
			isa = PBXTargetDependency;
			target = 860181CC2B8F0CFF0027E948 /* StarShips */;
			targetProxy = 860181DE2B8F0D070027E948 /* PBXContainerItemProxy */;
		};
		860181E92B8F0D070027E948 /* PBXTargetDependency */ = {
			isa = PBXTargetDependency;
			target = 860181CC2B8F0CFF0027E948 /* StarShips */;
			targetProxy = 860181E82B8F0D070027E948 /* PBXContainerItemProxy */;
		};
/* End PBXTargetDependency section */

/* Begin XCBuildConfiguration section */
		860181EF2B8F0D070027E948 /* Debug */ = {
			isa = XCBuildConfiguration;
			buildSettings = {
				ALWAYS_SEARCH_USER_PATHS = NO;
				ASSETCATALOG_COMPILER_GENERATE_SWIFT_ASSET_SYMBOL_EXTENSIONS = YES;
				CLANG_ANALYZER_NONNULL = YES;
				CLANG_ANALYZER_NUMBER_OBJECT_CONVERSION = YES_AGGRESSIVE;
				CLANG_CXX_LANGUAGE_STANDARD = "gnu++20";
				CLANG_ENABLE_MODULES = YES;
				CLANG_ENABLE_OBJC_ARC = YES;
				CLANG_ENABLE_OBJC_WEAK = YES;
				CLANG_WARN_BLOCK_CAPTURE_AUTORELEASING = YES;
				CLANG_WARN_BOOL_CONVERSION = YES;
				CLANG_WARN_COMMA = YES;
				CLANG_WARN_CONSTANT_CONVERSION = YES;
				CLANG_WARN_DEPRECATED_OBJC_IMPLEMENTATIONS = YES;
				CLANG_WARN_DIRECT_OBJC_ISA_USAGE = YES_ERROR;
				CLANG_WARN_DOCUMENTATION_COMMENTS = YES;
				CLANG_WARN_EMPTY_BODY = YES;
				CLANG_WARN_ENUM_CONVERSION = YES;
				CLANG_WARN_INFINITE_RECURSION = YES;
				CLANG_WARN_INT_CONVERSION = YES;
				CLANG_WARN_NON_LITERAL_NULL_CONVERSION = YES;
				CLANG_WARN_OBJC_IMPLICIT_RETAIN_SELF = YES;
				CLANG_WARN_OBJC_LITERAL_CONVERSION = YES;
				CLANG_WARN_OBJC_ROOT_CLASS = YES_ERROR;
				CLANG_WARN_QUOTED_INCLUDE_IN_FRAMEWORK_HEADER = YES;
				CLANG_WARN_RANGE_LOOP_ANALYSIS = YES;
				CLANG_WARN_STRICT_PROTOTYPES = YES;
				CLANG_WARN_SUSPICIOUS_MOVE = YES;
				CLANG_WARN_UNGUARDED_AVAILABILITY = YES_AGGRESSIVE;
				CLANG_WARN_UNREACHABLE_CODE = YES;
				CLANG_WARN__DUPLICATE_METHOD_MATCH = YES;
				COPY_PHASE_STRIP = NO;
				DEBUG_INFORMATION_FORMAT = dwarf;
				ENABLE_STRICT_OBJC_MSGSEND = YES;
				ENABLE_TESTABILITY = YES;
				ENABLE_USER_SCRIPT_SANDBOXING = YES;
				GCC_C_LANGUAGE_STANDARD = gnu17;
				GCC_DYNAMIC_NO_PIC = NO;
				GCC_NO_COMMON_BLOCKS = YES;
				GCC_OPTIMIZATION_LEVEL = 0;
				GCC_PREPROCESSOR_DEFINITIONS = (
					"DEBUG=1",
					"$(inherited)",
				);
				GCC_WARN_64_TO_32_BIT_CONVERSION = YES;
				GCC_WARN_ABOUT_RETURN_TYPE = YES_ERROR;
				GCC_WARN_UNDECLARED_SELECTOR = YES;
				GCC_WARN_UNINITIALIZED_AUTOS = YES_AGGRESSIVE;
				GCC_WARN_UNUSED_FUNCTION = YES;
				GCC_WARN_UNUSED_VARIABLE = YES;
				IPHONEOS_DEPLOYMENT_TARGET = 17.0;
				LOCALIZATION_PREFERS_STRING_CATALOGS = YES;
				MTL_ENABLE_DEBUG_INFO = INCLUDE_SOURCE;
				MTL_FAST_MATH = YES;
				ONLY_ACTIVE_ARCH = YES;
				SDKROOT = iphoneos;
				SWIFT_ACTIVE_COMPILATION_CONDITIONS = "DEBUG $(inherited)";
				SWIFT_OPTIMIZATION_LEVEL = "-Onone";
			};
			name = Debug;
		};
		860181F02B8F0D070027E948 /* Release */ = {
			isa = XCBuildConfiguration;
			buildSettings = {
				ALWAYS_SEARCH_USER_PATHS = NO;
				ASSETCATALOG_COMPILER_GENERATE_SWIFT_ASSET_SYMBOL_EXTENSIONS = YES;
				CLANG_ANALYZER_NONNULL = YES;
				CLANG_ANALYZER_NUMBER_OBJECT_CONVERSION = YES_AGGRESSIVE;
				CLANG_CXX_LANGUAGE_STANDARD = "gnu++20";
				CLANG_ENABLE_MODULES = YES;
				CLANG_ENABLE_OBJC_ARC = YES;
				CLANG_ENABLE_OBJC_WEAK = YES;
				CLANG_WARN_BLOCK_CAPTURE_AUTORELEASING = YES;
				CLANG_WARN_BOOL_CONVERSION = YES;
				CLANG_WARN_COMMA = YES;
				CLANG_WARN_CONSTANT_CONVERSION = YES;
				CLANG_WARN_DEPRECATED_OBJC_IMPLEMENTATIONS = YES;
				CLANG_WARN_DIRECT_OBJC_ISA_USAGE = YES_ERROR;
				CLANG_WARN_DOCUMENTATION_COMMENTS = YES;
				CLANG_WARN_EMPTY_BODY = YES;
				CLANG_WARN_ENUM_CONVERSION = YES;
				CLANG_WARN_INFINITE_RECURSION = YES;
				CLANG_WARN_INT_CONVERSION = YES;
				CLANG_WARN_NON_LITERAL_NULL_CONVERSION = YES;
				CLANG_WARN_OBJC_IMPLICIT_RETAIN_SELF = YES;
				CLANG_WARN_OBJC_LITERAL_CONVERSION = YES;
				CLANG_WARN_OBJC_ROOT_CLASS = YES_ERROR;
				CLANG_WARN_QUOTED_INCLUDE_IN_FRAMEWORK_HEADER = YES;
				CLANG_WARN_RANGE_LOOP_ANALYSIS = YES;
				CLANG_WARN_STRICT_PROTOTYPES = YES;
				CLANG_WARN_SUSPICIOUS_MOVE = YES;
				CLANG_WARN_UNGUARDED_AVAILABILITY = YES_AGGRESSIVE;
				CLANG_WARN_UNREACHABLE_CODE = YES;
				CLANG_WARN__DUPLICATE_METHOD_MATCH = YES;
				COPY_PHASE_STRIP = NO;
				DEBUG_INFORMATION_FORMAT = "dwarf-with-dsym";
				ENABLE_NS_ASSERTIONS = NO;
				ENABLE_STRICT_OBJC_MSGSEND = YES;
				ENABLE_USER_SCRIPT_SANDBOXING = YES;
				GCC_C_LANGUAGE_STANDARD = gnu17;
				GCC_NO_COMMON_BLOCKS = YES;
				GCC_WARN_64_TO_32_BIT_CONVERSION = YES;
				GCC_WARN_ABOUT_RETURN_TYPE = YES_ERROR;
				GCC_WARN_UNDECLARED_SELECTOR = YES;
				GCC_WARN_UNINITIALIZED_AUTOS = YES_AGGRESSIVE;
				GCC_WARN_UNUSED_FUNCTION = YES;
				GCC_WARN_UNUSED_VARIABLE = YES;
				IPHONEOS_DEPLOYMENT_TARGET = 17.0;
				LOCALIZATION_PREFERS_STRING_CATALOGS = YES;
				MTL_ENABLE_DEBUG_INFO = NO;
				MTL_FAST_MATH = YES;
				SDKROOT = iphoneos;
				SWIFT_COMPILATION_MODE = wholemodule;
				VALIDATE_PRODUCT = YES;
			};
			name = Release;
		};
		860181F22B8F0D070027E948 /* Debug */ = {
			isa = XCBuildConfiguration;
			buildSettings = {
				ASSETCATALOG_COMPILER_APPICON_NAME = AppIcon;
				ASSETCATALOG_COMPILER_GLOBAL_ACCENT_COLOR_NAME = AccentColor;
				CODE_SIGN_STYLE = Automatic;
				CURRENT_PROJECT_VERSION = 1;
				DEVELOPMENT_ASSET_PATHS = "\"StarShips/Preview Content\"";
				ENABLE_PREVIEWS = YES;
				GENERATE_INFOPLIST_FILE = YES;
				INFOPLIST_KEY_UIApplicationSceneManifest_Generation = YES;
				INFOPLIST_KEY_UIApplicationSupportsIndirectInputEvents = YES;
				INFOPLIST_KEY_UILaunchScreen_Generation = YES;
				INFOPLIST_KEY_UISupportedInterfaceOrientations_iPad = "UIInterfaceOrientationPortrait UIInterfaceOrientationPortraitUpsideDown UIInterfaceOrientationLandscapeLeft UIInterfaceOrientationLandscapeRight";
				INFOPLIST_KEY_UISupportedInterfaceOrientations_iPhone = "UIInterfaceOrientationPortrait UIInterfaceOrientationLandscapeLeft UIInterfaceOrientationLandscapeRight";
				LD_RUNPATH_SEARCH_PATHS = (
					"$(inherited)",
					"@executable_path/Frameworks",
				);
				MARKETING_VERSION = 1.0;
				PRODUCT_BUNDLE_IDENTIFIER = com.rexjason.StarShips;
				PRODUCT_NAME = "$(TARGET_NAME)";
				SWIFT_EMIT_LOC_STRINGS = YES;
				SWIFT_VERSION = 5.0;
				TARGETED_DEVICE_FAMILY = "1,2";
			};
			name = Debug;
		};
		860181F32B8F0D070027E948 /* Release */ = {
			isa = XCBuildConfiguration;
			buildSettings = {
				ASSETCATALOG_COMPILER_APPICON_NAME = AppIcon;
				ASSETCATALOG_COMPILER_GLOBAL_ACCENT_COLOR_NAME = AccentColor;
				CODE_SIGN_STYLE = Automatic;
				CURRENT_PROJECT_VERSION = 1;
				DEVELOPMENT_ASSET_PATHS = "\"StarShips/Preview Content\"";
				ENABLE_PREVIEWS = YES;
				GENERATE_INFOPLIST_FILE = YES;
				INFOPLIST_KEY_UIApplicationSceneManifest_Generation = YES;
				INFOPLIST_KEY_UIApplicationSupportsIndirectInputEvents = YES;
				INFOPLIST_KEY_UILaunchScreen_Generation = YES;
				INFOPLIST_KEY_UISupportedInterfaceOrientations_iPad = "UIInterfaceOrientationPortrait UIInterfaceOrientationPortraitUpsideDown UIInterfaceOrientationLandscapeLeft UIInterfaceOrientationLandscapeRight";
				INFOPLIST_KEY_UISupportedInterfaceOrientations_iPhone = "UIInterfaceOrientationPortrait UIInterfaceOrientationLandscapeLeft UIInterfaceOrientationLandscapeRight";
				LD_RUNPATH_SEARCH_PATHS = (
					"$(inherited)",
					"@executable_path/Frameworks",
				);
				MARKETING_VERSION = 1.0;
				PRODUCT_BUNDLE_IDENTIFIER = com.rexjason.StarShips;
				PRODUCT_NAME = "$(TARGET_NAME)";
				SWIFT_EMIT_LOC_STRINGS = YES;
				SWIFT_VERSION = 5.0;
				TARGETED_DEVICE_FAMILY = "1,2";
			};
			name = Release;
		};
		860181F52B8F0D070027E948 /* Debug */ = {
			isa = XCBuildConfiguration;
			buildSettings = {
				ALWAYS_EMBED_SWIFT_STANDARD_LIBRARIES = YES;
				BUNDLE_LOADER = "$(TEST_HOST)";
				CODE_SIGN_STYLE = Automatic;
				CURRENT_PROJECT_VERSION = 1;
				GENERATE_INFOPLIST_FILE = YES;
				IPHONEOS_DEPLOYMENT_TARGET = 17.0;
				MARKETING_VERSION = 1.0;
				PRODUCT_BUNDLE_IDENTIFIER = com.rexjason.StarShipsTests;
				PRODUCT_NAME = "$(TARGET_NAME)";
				SWIFT_EMIT_LOC_STRINGS = NO;
				SWIFT_VERSION = 5.0;
				TARGETED_DEVICE_FAMILY = "1,2";
				TEST_HOST = "$(BUILT_PRODUCTS_DIR)/StarShips.app/$(BUNDLE_EXECUTABLE_FOLDER_PATH)/StarShips";
			};
			name = Debug;
		};
		860181F62B8F0D070027E948 /* Release */ = {
			isa = XCBuildConfiguration;
			buildSettings = {
				ALWAYS_EMBED_SWIFT_STANDARD_LIBRARIES = YES;
				BUNDLE_LOADER = "$(TEST_HOST)";
				CODE_SIGN_STYLE = Automatic;
				CURRENT_PROJECT_VERSION = 1;
				GENERATE_INFOPLIST_FILE = YES;
				IPHONEOS_DEPLOYMENT_TARGET = 17.0;
				MARKETING_VERSION = 1.0;
				PRODUCT_BUNDLE_IDENTIFIER = com.rexjason.StarShipsTests;
				PRODUCT_NAME = "$(TARGET_NAME)";
				SWIFT_EMIT_LOC_STRINGS = NO;
				SWIFT_VERSION = 5.0;
				TARGETED_DEVICE_FAMILY = "1,2";
				TEST_HOST = "$(BUILT_PRODUCTS_DIR)/StarShips.app/$(BUNDLE_EXECUTABLE_FOLDER_PATH)/StarShips";
			};
			name = Release;
		};
		860181F82B8F0D070027E948 /* Debug */ = {
			isa = XCBuildConfiguration;
			buildSettings = {
				ALWAYS_EMBED_SWIFT_STANDARD_LIBRARIES = YES;
				CODE_SIGN_STYLE = Automatic;
				CURRENT_PROJECT_VERSION = 1;
				GENERATE_INFOPLIST_FILE = YES;
				MARKETING_VERSION = 1.0;
				PRODUCT_BUNDLE_IDENTIFIER = com.rexjason.StarShipsUITests;
				PRODUCT_NAME = "$(TARGET_NAME)";
				SWIFT_EMIT_LOC_STRINGS = NO;
				SWIFT_VERSION = 5.0;
				TARGETED_DEVICE_FAMILY = "1,2";
				TEST_TARGET_NAME = StarShips;
			};
			name = Debug;
		};
		860181F92B8F0D070027E948 /* Release */ = {
			isa = XCBuildConfiguration;
			buildSettings = {
				ALWAYS_EMBED_SWIFT_STANDARD_LIBRARIES = YES;
				CODE_SIGN_STYLE = Automatic;
				CURRENT_PROJECT_VERSION = 1;
				GENERATE_INFOPLIST_FILE = YES;
				MARKETING_VERSION = 1.0;
				PRODUCT_BUNDLE_IDENTIFIER = com.rexjason.StarShipsUITests;
				PRODUCT_NAME = "$(TARGET_NAME)";
				SWIFT_EMIT_LOC_STRINGS = NO;
				SWIFT_VERSION = 5.0;
				TARGETED_DEVICE_FAMILY = "1,2";
				TEST_TARGET_NAME = StarShips;
			};
			name = Release;
		};
/* End XCBuildConfiguration section */

/* Begin XCConfigurationList section */
		860181C82B8F0CFF0027E948 /* Build configuration list for PBXProject "StarShips" */ = {
			isa = XCConfigurationList;
			buildConfigurations = (
				860181EF2B8F0D070027E948 /* Debug */,
				860181F02B8F0D070027E948 /* Release */,
			);
			defaultConfigurationIsVisible = 0;
			defaultConfigurationName = Release;
		};
		860181F12B8F0D070027E948 /* Build configuration list for PBXNativeTarget "StarShips" */ = {
			isa = XCConfigurationList;
			buildConfigurations = (
				860181F22B8F0D070027E948 /* Debug */,
				860181F32B8F0D070027E948 /* Release */,
			);
			defaultConfigurationIsVisible = 0;
			defaultConfigurationName = Release;
		};
		860181F42B8F0D070027E948 /* Build configuration list for PBXNativeTarget "StarShipsTests" */ = {
			isa = XCConfigurationList;
			buildConfigurations = (
				860181F52B8F0D070027E948 /* Debug */,
				860181F62B8F0D070027E948 /* Release */,
			);
			defaultConfigurationIsVisible = 0;
			defaultConfigurationName = Release;
		};
		860181F72B8F0D070027E948 /* Build configuration list for PBXNativeTarget "StarShipsUITests" */ = {
			isa = XCConfigurationList;
			buildConfigurations = (
				860181F82B8F0D070027E948 /* Debug */,
				860181F92B8F0D070027E948 /* Release */,
			);
			defaultConfigurationIsVisible = 0;
			defaultConfigurationName = Release;
		};
/* End XCConfigurationList section */
	};
	rootObject = 860181C52B8F0CFF0027E948 /* Project object */;
}
